PODS:
  - LoggingFramework (0.0.1)

DEPENDENCIES:
  - LoggingFramework (= 0.0.1)

SPEC REPOS:
  "git@github.com:jmuthialu/PodSpecRepo.git":
    - LoggingFramework

SPEC CHECKSUMS:
  LoggingFramework: 6eedb74a21b89b1be5ab97050e878fd7e8aa21cb

PODFILE CHECKSUM: 22c56e0e63128b94a974bbc9e0b66ed837eef4b9

COCOAPODS: 1.10.1
